
Microsoft Visual Studio Solution File, Format Version 12.00
# Visual Studio Version 17
VisualStudioVersion = 17.9.34701.34
MinimumVisualStudioVersion = 10.0.40219.1
Project("{8BC9CEB8-8B4A-11D0-8D11-00A0C91BC942}") = "sample_kmdf_driver", "sample_kmdf_driver\sample_kmdf_driver.vcxproj", "{E69FEC47-B876-42F7-8BF4-89F014DC772F}"
EndProject
Project("{2150E333-8FDC-42A3-9474-1A3956D46DE8}") = "Solution Items", "Solution Items", "{7D86395C-1F4C-4AE6-8AD6-27F87FDF67FB}"
	ProjectSection(SolutionItems) = preProject
		.gitignore = .gitignore
	EndProjectSection
EndProject
Global
	GlobalSection(SolutionConfigurationPlatforms) = preSolution
		Debug|ARM64 = Debug|ARM64
		Debug|x64 = Debug|x64
		Release|ARM64 = Release|ARM64
		Release|x64 = Release|x64
	EndGlobalSection
	GlobalSection(ProjectConfigurationPlatforms) = postSolution
		{E69FEC47-B876-42F7-8BF4-89F014DC772F}.Debug|ARM64.ActiveCfg = Debug|ARM64
		{E69FEC47-B876-42F7-8BF4-89F014DC772F}.Debug|ARM64.Build.0 = Debug|ARM64
		{E69FEC47-B876-42F7-8BF4-89F014DC772F}.Debug|ARM64.Deploy.0 = Debug|ARM64
		{E69FEC47-B876-42F7-8BF4-89F014DC772F}.Debug|x64.ActiveCfg = Debug|x64
		{E69FEC47-B876-42F7-8BF4-89F014DC772F}.Debug|x64.Build.0 = Debug|x64
		{E69FEC47-B876-42F7-8BF4-89F014DC772F}.Debug|x64.Deploy.0 = Debug|x64
		{E69FEC47-B876-42F7-8BF4-89F014DC772F}.Release|ARM64.ActiveCfg = Release|ARM64
		{E69FEC47-B876-42F7-8BF4-89F014DC772F}.Release|ARM64.Build.0 = Release|ARM64
		{E69FEC47-B876-42F7-8BF4-89F014DC772F}.Release|ARM64.Deploy.0 = Release|ARM64
		{E69FEC47-B876-42F7-8BF4-89F014DC772F}.Release|x64.ActiveCfg = Release|x64
		{E69FEC47-B876-42F7-8BF4-89F014DC772F}.Release|x64.Build.0 = Release|x64
		{E69FEC47-B876-42F7-8BF4-89F014DC772F}.Release|x64.Deploy.0 = Release|x64
	EndGlobalSection
	GlobalSection(SolutionProperties) = preSolution
		HideSolutionNode = FALSE
	EndGlobalSection
	GlobalSection(ExtensibilityGlobals) = postSolution
		SolutionGuid = {5D441A99-0895-47D4-A52E-0042395B1707}
	EndGlobalSection
EndGlobal
